<Solution>
  <Folder Name="/src/">
    <Project Path="src/Veterinaria.WinForms/Veterinaria.WinForms.csproj" />
    <Project Path="src/Veterinaria.Controllers/Veterinaria.Controllers.csproj" />
    <Project Path="src/Veterinaria.Domain/Veterinaria.Domain.csproj" />
    <Project Path="src/Veterinaria.Infrastructure/Veterinaria.Infrastructure.csproj" />
  </Folder>
</Solution>
